// !$*UTF8*$!
{
	archiveVersion = 1;
	classes = {
	};
	objectVersion = 46;
	objects = {

/* Begin PBXBuildFile section */
		D30B971F1EE9505E009876FA /* main.m in Sources */ = {isa = PBXBuildFile; fileRef = D30B971E1EE9505E009876FA /* main.m */; };
		D30B97221EE9505E009876FA /* AppDelegate.m in Sources */ = {isa = PBXBuildFile; fileRef = D30B97211EE9505E009876FA /* AppDelegate.m */; };
		D30B97251EE9505E009876FA /* ViewController.m in Sources */ = {isa = PBXBuildFile; fileRef = D30B97241EE9505E009876FA /* ViewController.m */; };
		D30B97281EE9505E009876FA /* Main.storyboard in Resources */ = {isa = PBXBuildFile; fileRef = D30B97261EE9505E009876FA /* Main.storyboard */; };
		D30B972A1EE9505E009876FA /* Assets.xcassets in Resources */ = {isa = PBXBuildFile; fileRef = D30B97291EE9505E009876FA /* Assets.xcassets */; };
		D30B972D1EE9505E009876FA /* LaunchScreen.storyboard in Resources */ = {isa = PBXBuildFile; fileRef = D30B972B1EE9505E009876FA /* LaunchScreen.storyboard */; };
		D30B97361EE950DE009876FA /* CustomTableView.m in Sources */ = {isa = PBXBuildFile; fileRef = D30B97341EE950DE009876FA /* CustomTableView.m */; };
/* End PBXBuildFile section */

/* Begin PBXFileReference section */
		D30B971A1EE9505E009876FA /* TableViewTopUnlimitScroll.app */ = {isa = PBXFileReference; explicitFileType = wrapper.application; includeInIndex = 0; path = TableViewTopUnlimitScroll.app; sourceTree = BUILT_PRODUCTS_DIR; };
		D30B971E1EE9505E009876FA /* main.m */ = {isa = PBXFileReference; lastKnownFileType = sourcecode.c.objc; path = main.m; sourceTree = "<group>"; };
		D30B97201EE9505E009876FA /* AppDelegate.h */ = {isa = PBXFileReference; lastKnownFileType = sourcecode.c.h; path = AppDelegate.h; sourceTree = "<group>"; };
		D30B97211EE9505E009876FA /* AppDelegate.m */ = {isa = PBXFileReference; lastKnownFileType = sourcecode.c.objc; path = AppDelegate.m; sourceTree = "<group>"; };
		D30B97231EE9505E009876FA /* ViewController.h */ = {isa = PBXFileReference; lastKnownFileType = sourcecode.c.h; path = ViewController.h; sourceTree = "<group>"; };
		D30B97241EE9505E009876FA /* ViewController.m */ = {isa = PBXFileReference; lastKnownFileType = sourcecode.c.objc; path = ViewController.m; sourceTree = "<group>"; };
		D30B97271EE9505E009876FA /* Base */ = {isa = PBXFileReference; lastKnownFileType = file.storyboard; name = Base; path = Base.lproj/Main.storyboard; sourceTree = "<group>"; };
		D30B97291EE9505E009876FA /* Assets.xcassets */ = {isa = PBXFileReference; lastKnownFileType = folder.assetcatalog; path = Assets.xcassets; sourceTree = "<group>"; };
		D30B972C1EE9505E009876FA /* Base */ = {isa = PBXFileReference; lastKnownFileType = file.storyboard; name = Base; path = Base.lproj/LaunchScreen.storyboard; sourceTree = "<group>"; };
		D30B972E1EE9505E009876FA /* Info.plist */ = {isa = PBXFileReference; lastKnownFileType = text.plist.xml; path = Info.plist; sourceTree = "<group>"; };
		D30B97341EE950DE009876FA /* CustomTableView.m */ = {isa = PBXFileReference; fileEncoding = 4; lastKnownFileType = sourcecode.c.objc; path = CustomTableView.m; sourceTree = "<group>"; };
		D30B97351EE950DE009876FA /* CustomTableView.h */ = {isa = PBXFileReference; fileEncoding = 4; lastKnownFileType = sourcecode.c.h; path = CustomTableView.h; sourceTree = "<group>"; };
/* End PBXFileReference section */

/* Begin PBXFrameworksBuildPhase section */
		D30B97171EE9505E009876FA /* Frameworks */ = {
			isa = PBXFrameworksBuildPhase;
			buildActionMask = 2147483647;
			files = (
			);
			runOnlyForDeploymentPostprocessing = 0;
		};
/* End PBXFrameworksBuildPhase section */

/* Begin PBXGroup section */
		D30B97111EE9505E009876FA = {
			isa = PBXGroup;
			children = (
				D30B971C1EE9505E009876FA /* TableViewTopUnlimitScroll */,
				D30B971B1EE9505E009876FA /* Products */,
			);
			sourceTree = "<group>";
		};
		D30B971B1EE9505E009876FA /* Products */ = {
			isa = PBXGroup;
			children = (
				D30B971A1EE9505E009876FA /* TableViewTopUnlimitScroll.app */,
			);
			name = Products;
			sourceTree = "<group>";
		};
		D30B971C1EE9505E009876FA /* TableViewTopUnlimitScroll */ = {
			isa = PBXGroup;
			children = (
				D30B97341EE950DE009876FA /* CustomTableView.m */,
				D30B97351EE950DE009876FA /* CustomTableView.h */,
				D30B97201EE9505E009876FA /* AppDelegate.h */,
				D30B97211EE9505E009876FA /* AppDelegate.m */,
				D30B97231EE9505E009876FA /* ViewController.h */,
				D30B97241EE9505E009876FA /* ViewController.m */,
				D30B97261EE9505E009876FA /* Main.storyboard */,
				D30B97291EE9505E009876FA /* Assets.xcassets */,
				D30B972B1EE9505E009876FA /* LaunchScreen.storyboard */,
				D30B972E1EE9505E009876FA /* Info.plist */,
				D30B971D1EE9505E009876FA /* Supporting Files */,
			);
			path = TableViewTopUnlimitScroll;
			sourceTree = "<group>";
		};
		D30B971D1EE9505E009876FA /* Supporting Files */ = {
			isa = PBXGroup;
			children = (
				D30B971E1EE9505E009876FA /* main.m */,
			);
			name = "Supporting Files";
			sourceTree = "<group>";
		};
/* End PBXGroup section */

/* Begin PBXNativeTarget section */
		D30B97191EE9505E009876FA /* TableViewTopUnlimitScroll */ = {
			isa = PBXNativeTarget;
			buildConfigurationList = D30B97311EE9505E009876FA /* Build configuration list for PBXNativeTarget "TableViewTopUnlimitScroll" */;
			buildPhases = (
				D30B97161EE9505E009876FA /* Sources */,
				D30B97171EE9505E009876FA /* Frameworks */,
				D30B97181EE9505E009876FA /* Resources */,
			);
			buildRules = (
			);
			dependencies = (
			);
			name = TableViewTopUnlimitScroll;
			productName = TableViewTopUnlimitScroll;
			productReference = D30B971A1EE9505E009876FA /* TableViewTopUnlimitScroll.app */;
			productType = "com.apple.product-type.application";
		};
/* End PBXNativeTarget section */

/* Begin PBXProject section */
		D30B97121EE9505E009876FA /* Project object */ = {
			isa = PBXProject;
			attributes = {
				LastUpgradeCheck = 0820;
				ORGANIZATIONNAME = okdeer;
				TargetAttributes = {
					D30B97191EE9505E009876FA = {
						CreatedOnToolsVersion = 8.2.1;
						DevelopmentTeam = W222R58V26;
						ProvisioningStyle = Automatic;
					};
				};
			};
			buildConfigurationList = D30B97151EE9505E009876FA /* Build configuration list for PBXProject "TableViewTopUnlimitScroll" */;
			compatibilityVersion = "Xcode 3.2";
			developmentRegion = English;
			hasScannedForEncodings = 0;
			knownRegions = (
				en,
				Base,
			);
			mainGroup = D30B97111EE9505E009876FA;
			productRefGroup = D30B971B1EE9505E009876FA /* Products */;
			projectDirPath = "";
			projectRoot = "";
			targets = (
				D30B97191EE9505E009876FA /* TableViewTopUnlimitScroll */,
			);
		};
/* End PBXProject section */

/* Begin PBXResourcesBuildPhase section */
		D30B97181EE9505E009876FA /* Resources */ = {
			isa = PBXResourcesBuildPhase;
			buildActionMask = 2147483647;
			files = (
				D30B972D1EE9505E009876FA /* LaunchScreen.storyboard in Resources */,
				D30B972A1EE9505E009876FA /* Assets.xcassets in Resources */,
				D30B97281EE9505E009876FA /* Main.storyboard in Resources */,
			);
			runOnlyForDeploymentPostprocessing = 0;
		};
/* End PBXResourcesBuildPhase section */

/* Begin PBXSourcesBuildPhase section */
		D30B97161EE9505E009876FA /* Sources */ = {
			isa = PBXSourcesBuildPhase;
			buildActionMask = 2147483647;
			files = (
				D30B97251EE9505E009876FA /* ViewController.m in Sources */,
				D30B97221EE9505E009876FA /* AppDelegate.m in Sources */,
				D30B97361EE950DE009876FA /* CustomTableView.m in Sources */,
				D30B971F1EE9505E009876FA /* main.m in Sources */,
			);
			runOnlyForDeploymentPostprocessing = 0;
		};
/* End PBXSourcesBuildPhase section */

/* Begin PBXVariantGroup section */
		D30B97261EE9505E009876FA /* Main.storyboard */ = {
			isa = PBXVariantGroup;
			children = (
				D30B97271EE9505E009876FA /* Base */,
			);
			name = Main.storyboard;
			sourceTree = "<group>";
		};
		D30B972B1EE9505E009876FA /* LaunchScreen.storyboard */ = {
			isa = PBXVariantGroup;
			children = (
				D30B972C1EE9505E009876FA /* Base */,
			);
			name = LaunchScreen.storyboard;
			sourceTree = "<group>";
		};
/* End PBXVariantGroup section */

/* Begin XCBuildConfiguration section */
		D30B972F1EE9505E009876FA /* Debug */ = {
			isa = XCBuildConfiguration;
			buildSettings = {
				ALWAYS_SEARCH_USER_PATHS = NO;
				CLANG_ANALYZER_NONNULL = YES;
				CLANG_CXX_LANGUAGE_STANDARD = "gnu++0x";
				CLANG_CXX_LIBRARY = "libc++";
				CLANG_ENABLE_MODULES = YES;
				CLANG_ENABLE_OBJC_ARC = YES;
				CLANG_WARN_BOOL_CONVERSION = YES;
				CLANG_WARN_CONSTANT_CONVERSION = YES;
				CLANG_WARN_DIRECT_OBJC_ISA_USAGE = YES_ERROR;
				CLANG_WARN_DOCUMENTATION_COMMENTS = YES;
				CLANG_WARN_EMPTY_BODY = YES;
				CLANG_WARN_ENUM_CONVERSION = YES;
				CLANG_WARN_INFINITE_RECURSION = YES;
				CLANG_WARN_INT_CONVERSION = YES;
				CLANG_WARN_OBJC_ROOT_CLASS = YES_ERROR;
				CLANG_WARN_SUSPICIOUS_MOVE = YES;
				CLANG_WARN_UNREACHABLE_CODE = YES;
				CLANG_WARN__DUPLICATE_METHOD_MATCH = YES;
				"CODE_SIGN_IDENTITY[sdk=iphoneos*]" = "iPhone Developer";
				COPY_PHASE_STRIP = NO;
				DEBUG_INFORMATION_FORMAT = dwarf;
				ENABLE_STRICT_OBJC_MSGSEND = YES;
				ENABLE_TESTABILITY = YES;
				GCC_C_LANGUAGE_STANDARD = gnu99;
				GCC_DYNAMIC_NO_PIC = NO;
				GCC_NO_COMMON_BLOCKS = YES;
				GCC_OPTIMIZATION_LEVEL = 0;
				GCC_PREPROCESSOR_DEFINITIONS = (
					"DEBUG=1",
					"$(inherited)",
				);
				GCC_WARN_64_TO_32_BIT_CONVERSION = YES;
				GCC_WARN_ABOUT_RETURN_TYPE = YES_ERROR;
				GCC_WARN_UNDECLARED_SELECTOR = YES;
				GCC_WARN_UNINITIALIZED_AUTOS = YES_AGGRESSIVE;
				GCC_WARN_UNUSED_FUNCTION = YES;
				GCC_WARN_UNUSED_VARIABLE = YES;
				IPHONEOS_DEPLOYMENT_TARGET = 10.2;
				MTL_ENABLE_DEBUG_INFO = YES;
				ONLY_ACTIVE_ARCH = YES;
				SDKROOT = iphoneos;
			};
			name = Debug;
		};
		D30B97301EE9505E009876FA /* Release */ = {
			isa = XCBuildConfiguration;
			buildSettings = {
				ALWAYS_SEARCH_USER_PATHS = NO;
				CLANG_ANALYZER_NONNULL = YES;
				CLANG_CXX_LANGUAGE_STANDARD = "gnu++0x";
				CLANG_CXX_LIBRARY = "libc++";
				CLANG_ENABLE_MODULES = YES;
				CLANG_ENABLE_OBJC_ARC = YES;
				CLANG_WARN_BOOL_CONVERSION = YES;
				CLANG_WARN_CONSTANT_CONVERSION = YES;
				CLANG_WARN_DIRECT_OBJC_ISA_USAGE = YES_ERROR;
				CLANG_WARN_DOCUMENTATION_COMMENTS = YES;
				CLANG_WARN_EMPTY_BODY = YES;
				CLANG_WARN_ENUM_CONVERSION = YES;
				CLANG_WARN_INFINITE_RECURSION = YES;
				CLANG_WARN_INT_CONVERSION = YES;
				CLANG_WARN_OBJC_ROOT_CLASS = YES_ERROR;
				CLANG_WARN_SUSPICIOUS_MOVE = YES;
				CLANG_WARN_UNREACHABLE_CODE = YES;
				CLANG_WARN__DUPLICATE_METHOD_MATCH = YES;
				"CODE_SIGN_IDENTITY[sdk=iphoneos*]" = "iPhone Developer";
				COPY_PHASE_STRIP = NO;
				DEBUG_INFORMATION_FORMAT = "dwarf-with-dsym";
				ENABLE_NS_ASSERTIONS = NO;
				ENABLE_STRICT_OBJC_MSGSEND = YES;
				GCC_C_LANGUAGE_STANDARD = gnu99;
				GCC_NO_COMMON_BLOCKS = YES;
				GCC_WARN_64_TO_32_BIT_CONVERSION = YES;
				GCC_WARN_ABOUT_RETURN_TYPE = YES_ERROR;
				GCC_WARN_UNDECLARED_SELECTOR = YES;
				GCC_WARN_UNINITIALIZED_AUTOS = YES_AGGRESSIVE;
				GCC_WARN_UNUSED_FUNCTION = YES;
				GCC_WARN_UNUSED_VARIABLE = YES;
				IPHONEOS_DEPLOYMENT_TARGET = 10.2;
				MTL_ENABLE_DEBUG_INFO = NO;
				SDKROOT = iphoneos;
				VALIDATE_PRODUCT = YES;
			};
			name = Release;
		};
		D30B97321EE9505E009876FA /* Debug */ = {
			isa = XCBuildConfiguration;
			buildSettings = {
				ASSETCATALOG_COMPILER_APPICON_NAME = AppIcon;
				DEVELOPMENT_TEAM = W222R58V26;
				INFOPLIST_FILE = TableViewTopUnlimitScroll/Info.plist;
				IPHONEOS_DEPLOYMENT_TARGET = 8.0;
				LD_RUNPATH_SEARCH_PATHS = "$(inherited) @executable_path/Frameworks";
				PRODUCT_BUNDLE_IDENTIFIER = com.lx.TableViewTopUnlimitScroll;
				PRODUCT_NAME = "$(TARGET_NAME)";
			};
			name = Debug;
		};
		D30B97331EE9505E009876FA /* Release */ = {
			isa = XCBuildConfiguration;
			buildSettings = {
				ASSETCATALOG_COMPILER_APPICON_NAME = AppIcon;
				DEVELOPMENT_TEAM = W222R58V26;
				INFOPLIST_FILE = TableViewTopUnlimitScroll/Info.plist;
				IPHONEOS_DEPLOYMENT_TARGET = 8.0;
				LD_RUNPATH_SEARCH_PATHS = "$(inherited) @executable_path/Frameworks";
				PRODUCT_BUNDLE_IDENTIFIER = com.lx.TableViewTopUnlimitScroll;
				PRODUCT_NAME = "$(TARGET_NAME)";
			};
			name = Release;
		};
/* End XCBuildConfiguration section */

/* Begin XCConfigurationList section */
		D30B97151EE9505E009876FA /* Build configuration list for PBXProject "TableViewTopUnlimitScroll" */ = {
			isa = XCConfigurationList;
			buildConfigurations = (
				D30B972F1EE9505E009876FA /* Debug */,
				D30B97301EE9505E009876FA /* Release */,
			);
			defaultConfigurationIsVisible = 0;
			defaultConfigurationName = Release;
		};
		D30B97311EE9505E009876FA /* Build configuration list for PBXNativeTarget "TableViewTopUnlimitScroll" */ = {
			isa = XCConfigurationList;
			buildConfigurations = (
				D30B97321EE9505E009876FA /* Debug */,
				D30B97331EE9505E009876FA /* Release */,
			);
			defaultConfigurationIsVisible = 0;
		};
/* End XCConfigurationList section */
	};
	rootObject = D30B97121EE9505E009876FA /* Project object */;
}
